lockfileVersion: '9.0'

settings:
  autoInstallPeers: true
  excludeLinksFromLockfile: false

importers:

  .:
    dependencies:
      vue:
        specifier: ^3.5.12
        version: 3.5.13(typescript@5.6.3)
    devDependencies:
      '@rsbuild/core':
        specifier: ^1.0.19
        version: 1.1.4
      '@rsbuild/plugin-sass':
        specifier: ^1.1.1
        version: 1.1.1(@rsbuild/core@1.1.4)
      '@rsbuild/plugin-vue':
        specifier: ^1.0.3
        version: 1.0.5(@rsbuild/core@1.1.4)(vue@3.5.13(typescript@5.6.3))
      typescript:
        specifier: ^5.6.3
        version: 5.6.3

packages:

  '@babel/helper-string-parser@7.25.9':
    resolution: {integrity: sha512-4A/SCr/2KLd5jrtOMFzaKjVtAei3+2r/NChoBNoZ3EyP/+GlhoaEGoWOZUmFmoITP7zOJyHIMm+DYRd8o3PvHA==}
    engines: {node: '>=6.9.0'}

  '@babel/helper-validator-identifier@7.25.9':
    resolution: {integrity: sha512-Ed61U6XJc3CVRfkERJWDz4dJwKe7iLmmJsbOGu9wSloNSFttHV0I8g6UAgb7qnK5ly5bGLPd4oXZlxCdANBOWQ==}
    engines: {node: '>=6.9.0'}

  '@babel/parser@7.26.2':
    resolution: {integrity: sha512-DWMCZH9WA4Maitz2q21SRKHo9QXZxkDsbNZoVD62gusNtNBBqDg9i7uOhASfTfIGNzW+O+r7+jAlM8dwphcJKQ==}
    engines: {node: '>=6.0.0'}
    hasBin: true

  '@babel/types@7.26.0':
    resolution: {integrity: sha512-Z/yiTPj+lDVnF7lWeKCIJzaIkI0vYO87dMpZ4bg4TDrFe4XXLFWL1TbXU27gBP3QccxV9mZICCrnjnYlJjXHOA==}
    engines: {node: '>=6.9.0'}

  '@bufbuild/protobuf@2.2.2':
    resolution: {integrity: sha512-UNtPCbrwrenpmrXuRwn9jYpPoweNXj8X5sMvYgsqYyaH8jQ6LfUJSk3dJLnBK+6sfYPrF4iAIo5sd5HQ+tg75A==}

  '@jridgewell/gen-mapping@0.3.5':
    resolution: {integrity: sha512-IzL8ZoEDIBRWEzlCcRhOaCupYyN5gdIK+Q6fbFdPDg6HqX6jpkItn7DFIpW9LQzXG6Df9sA7+OKnq0qlz/GaQg==}
    engines: {node: '>=6.0.0'}

  '@jridgewell/resolve-uri@3.1.2':
    resolution: {integrity: sha512-bRISgCIjP20/tbWSPWMEi54QVPRZExkuD9lJL+UIxUKtwVJA8wW1Trb1jMs1RFXo1CBTNZ/5hpC9QvmKWdopKw==}
    engines: {node: '>=6.0.0'}

  '@jridgewell/set-array@1.2.1':
    resolution: {integrity: sha512-R8gLRTZeyp03ymzP/6Lil/28tGeGEzhx1q2k703KGWRAI1VdvPIXdG70VJc2pAMw3NA6JKL5hhFu1sJX0Mnn/A==}
    engines: {node: '>=6.0.0'}

  '@jridgewell/source-map@0.3.6':
    resolution: {integrity: sha512-1ZJTZebgqllO79ue2bm3rIGud/bOe0pP5BjSRCRxxYkEZS8STV7zN84UBbiYu7jy+eCKSnVIUgoWWE/tt+shMQ==}

  '@jridgewell/sourcemap-codec@1.5.0':
    resolution: {integrity: sha512-gv3ZRaISU3fjPAgNsriBRqGWQL6quFx04YMPW/zD8XMLsU32mhCCbfbO6KZFLjvYpCZ8zyDEgqsgf+PwPaM7GQ==}

  '@jridgewell/trace-mapping@0.3.25':
    resolution: {integrity: sha512-vNk6aEwybGtawWmy/PzwnGDOjCkLWSD2wqvjGGAgOAwCGWySYXfYoxt00IJkTF+8Lb57DwOb3Aa0o9CApepiYQ==}

  '@module-federation/runtime-tools@0.5.1':
    resolution: {integrity: sha512-nfBedkoZ3/SWyO0hnmaxuz0R0iGPSikHZOAZ0N/dVSQaIzlffUo35B5nlC2wgWIc0JdMZfkwkjZRrnuuDIJbzg==}

  '@module-federation/runtime@0.5.1':
    resolution: {integrity: sha512-xgiMUWwGLWDrvZc9JibuEbXIbhXg6z2oUkemogSvQ4LKvrl/n0kbqP1Blk669mXzyWbqtSp6PpvNdwaE1aN5xQ==}

  '@module-federation/sdk@0.5.1':
    resolution: {integrity: sha512-exvchtjNURJJkpqjQ3/opdbfeT2wPKvrbnGnyRkrwW5o3FH1LaST1tkiNviT6OXTexGaVc2DahbdniQHVtQ7pA==}

  '@module-federation/webpack-bundler-runtime@0.5.1':
    resolution: {integrity: sha512-mMhRFH0k2VjwHt3Jol9JkUsmI/4XlrAoBG3E0o7HoyoPYv1UFOWyqAflfANcUPgbYpvqmyLzDcO+3IT36LXnrA==}

  '@rsbuild/core@1.1.4':
    resolution: {integrity: sha512-fN13hH6Ag0WgCCDUJErNvGs39hSePr8MTaJu1TjUZbFAY3DtOsUHhEb2V5zCUiaeMLMz7ef+krj7+duAJkizog==}
    engines: {node: '>=16.7.0'}
    hasBin: true

  '@rsbuild/plugin-sass@1.1.1':
    resolution: {integrity: sha512-5yAclxBMUGlbnJ/xrX28QsDdE/7Qgd3erJBUeZRfFclxrKaN6NbTSOag72b8RpVmnKQViY16DHKC/L5DtlIeZg==}
    peerDependencies:
      '@rsbuild/core': 1.x

  '@rsbuild/plugin-vue@1.0.5':
    resolution: {integrity: sha512-/jfBrKMN3P6NjsgtKIwoeKWROH/ct8SzEH2gGtdpgyuJwnABGA5Zg6z44S3ngclbgtevOT9m114D2rmBGTXx1Q==}
    peerDependencies:
      '@rsbuild/core': 1.x

  '@rspack/binding-darwin-arm64@1.1.3':
    resolution: {integrity: sha512-gpLUBMDAS/uEcnE+ODy1ILTeyp1oM4QCq8rRhKHuOfsIe1AZ9Mct59v2omIE/r+R4dnbJ0ikIpto9qJZ6P2u1A==}
    cpu: [arm64]
    os: [darwin]

  '@rspack/binding-darwin-x64@1.1.3':
    resolution: {integrity: sha512-m1G7SzkRfr1oLgghbAxUwj1J7hSKhtskQZiVeqe5tewKimFr6xLpKSTLTnEtlW0gdGNf1+dRMX/4kLMwhOdY7g==}
    cpu: [x64]
    os: [darwin]

  '@rspack/binding-linux-arm64-gnu@1.1.3':
    resolution: {integrity: sha512-MpOrO1oppxAm8J1ztNz6G5DG/oL9ZLHmIz9vYNV6PKnk+MPhCXqfhFmQ2hZm5VIVKuOobfYEJiDUqKg2MLg8gA==}
    cpu: [arm64]
    os: [linux]

  '@rspack/binding-linux-arm64-musl@1.1.3':
    resolution: {integrity: sha512-PnUDC1JxT6a5hJW0hhJ9ubWk3R+nk7eLXyNaORHyQH4k8o89Zm5GYoKnDgO4eRy41NB9/aBJQJRGSRn0iAsZgw==}
    cpu: [arm64]
    os: [linux]

  '@rspack/binding-linux-x64-gnu@1.1.3':
    resolution: {integrity: sha512-+6JgyKXOp2QrHzlru95mge70tDkYlaY4NNE9xyrdj6PgTnM9cVPx4sLVhHC9+tWXaTFnccfEe9Tt6LjKnjHGaA==}
    cpu: [x64]
    os: [linux]

  '@rspack/binding-linux-x64-musl@1.1.3':
    resolution: {integrity: sha512-X0TJTVL1Roqq/tvN26QO4u62x2xp5tE0dlhwhbeCHrBdgBzc+PHvcv/8lclRcq6lDPzceAgcnNX/+RbWg0DzKg==}
    cpu: [x64]
    os: [linux]

  '@rspack/binding-win32-arm64-msvc@1.1.3':
    resolution: {integrity: sha512-Lvpp5Q30YiPNkuOFPawp2al2CTWElPeG3X0E9LFIfPdVkLc/e2nkf5a6zSYtnbD2oaskzQIYN/k27fWqWWcVHA==}
    cpu: [arm64]
    os: [win32]

  '@rspack/binding-win32-ia32-msvc@1.1.3':
    resolution: {integrity: sha512-tC+xXcbTRX7l+NFnlGK8UhDIJrKma7S/MA1KDol23/I3Vw67EcaHDwG+q2v7uiJsxn9XooIOSCJhPKmUUfZNXg==}
    cpu: [ia32]
    os: [win32]

  '@rspack/binding-win32-x64-msvc@1.1.3':
    resolution: {integrity: sha512-jeRaPJtsD/+m1QINgoDMA6D3kOcTwSHVmGSxR6fznLA5BKa76m8lewuALYxHHq9/qcgwJ4e6UtiwrO2JL3vxVQ==}
    cpu: [x64]
    os: [win32]

  '@rspack/binding@1.1.3':
    resolution: {integrity: sha512-fB1ziJ1UXO2P4ZDO+dviSNuxknUqrz6QQ6QGfpC+S1ClUy1HOhHXss/Yn78B/R9py6dlqZzmhmhz2d+XzFVApA==}

  '@rspack/core@1.1.3':
    resolution: {integrity: sha512-LdM1mAlBtEh9ozbpyWVW5uuL+aJMjYqd531pH5/i/EPDKNrOLrQWVNMa2dh07qLwJZXoTFMf7LWA7QNsmBUPJg==}
    engines: {node: '>=16.0.0'}
    peerDependencies:
      '@swc/helpers': '>=0.5.1'
    peerDependenciesMeta:
      '@swc/helpers':
        optional: true

  '@rspack/lite-tapable@1.0.1':
    resolution: {integrity: sha512-VynGOEsVw2s8TAlLf/uESfrgfrq2+rcXB1muPJYBWbsm1Oa6r5qVQhjA5ggM6z/coYPrsVMgovl3Ff7Q7OCp1w==}
    engines: {node: '>=16.0.0'}

  '@swc/helpers@0.5.15':
    resolution: {integrity: sha512-JQ5TuMi45Owi4/BIMAJBoSQoOJu12oOk/gADqlcUL9JEdHB8vyjUSsxqeNXnmXHjYKMi2WcYtezGEEhqUI/E2g==}

  '@types/eslint-scope@3.7.7':
    resolution: {integrity: sha512-MzMFlSLBqNF2gcHWO0G1vP/YQyfvrxZ0bF+u7mzUdZ1/xK4A4sru+nraZz5i3iEIk1l1uyicaDVTB4QbbEkAYg==}

  '@types/eslint@9.6.1':
    resolution: {integrity: sha512-FXx2pKgId/WyYo2jXw63kk7/+TY7u7AziEJxJAnSFzHlqTAS3Ync6SvgYAN/k4/PQpnnVuzoMuVnByKK2qp0ag==}

  '@types/estree@1.0.6':
    resolution: {integrity: sha512-AYnb1nQyY49te+VRAVgmzfcgjYS91mY5P0TKUDCLEM+gNnA+3T6rWITXRLYCpahpqSQbN5cE+gHpnPyXjHWxcw==}

  '@types/json-schema@7.0.15':
    resolution: {integrity: sha512-5+fP8P8MFNC+AyZCDxrB2pkZFPGzqQWUzpSeuuVLvm8VMcorNYavBqoFcxK8bQz4Qsbn4oUEEem4wDLfcysGHA==}

  '@types/node@22.9.1':
    resolution: {integrity: sha512-p8Yy/8sw1caA8CdRIQBG5tiLHmxtQKObCijiAa9Ez+d4+PRffM4054xbju0msf+cvhJpnFEeNjxmVT/0ipktrg==}

  '@vue/compiler-core@3.5.13':
    resolution: {integrity: sha512-oOdAkwqUfW1WqpwSYJce06wvt6HljgY3fGeM9NcVA1HaYOij3mZG9Rkysn0OHuyUAGMbEbARIpsG+LPVlBJ5/Q==}

  '@vue/compiler-dom@3.5.13':
    resolution: {integrity: sha512-ZOJ46sMOKUjO3e94wPdCzQ6P1Lx/vhp2RSvfaab88Ajexs0AHeV0uasYhi99WPaogmBlRHNRuly8xV75cNTMDA==}

  '@vue/compiler-sfc@3.5.13':
    resolution: {integrity: sha512-6VdaljMpD82w6c2749Zhf5T9u5uLBWKnVue6XWxprDobftnletJ8+oel7sexFfM3qIxNmVE7LSFGTpv6obNyaQ==}

  '@vue/compiler-ssr@3.5.13':
    resolution: {integrity: sha512-wMH6vrYHxQl/IybKJagqbquvxpWCuVYpoUJfCqFZwa/JY1GdATAQ+TgVtgrwwMZ0D07QhA99rs/EAAWfvG6KpA==}

  '@vue/reactivity@3.5.13':
    resolution: {integrity: sha512-NaCwtw8o48B9I6L1zl2p41OHo/2Z4wqYGGIK1Khu5T7yxrn+ATOixn/Udn2m+6kZKB/J7cuT9DbWWhRxqixACg==}

  '@vue/runtime-core@3.5.13':
    resolution: {integrity: sha512-Fj4YRQ3Az0WTZw1sFe+QDb0aXCerigEpw418pw1HBUKFtnQHWzwojaukAs2X/c9DQz4MQ4bsXTGlcpGxU/RCIw==}

  '@vue/runtime-dom@3.5.13':
    resolution: {integrity: sha512-dLaj94s93NYLqjLiyFzVs9X6dWhTdAlEAciC3Moq7gzAc13VJUdCnjjRurNM6uTLFATRHexHCTu/Xp3eW6yoog==}

  '@vue/server-renderer@3.5.13':
    resolution: {integrity: sha512-wAi4IRJV/2SAW3htkTlB+dHeRmpTiVIK1OGLWV1yeStVSebSQQOwGwIq0D3ZIoBj2C2qpgz5+vX9iEBkTdk5YA==}
    peerDependencies:
      vue: 3.5.13

  '@vue/shared@3.5.13':
    resolution: {integrity: sha512-/hnE/qP5ZoGpol0a5mDi45bOd7t3tjYJBjsgCsivow7D48cJeV5l05RD82lPqi7gRiphZM37rnhW1l6ZoCNNnQ==}

  '@webassemblyjs/ast@1.14.1':
    resolution: {integrity: sha512-nuBEDgQfm1ccRp/8bCQrx1frohyufl4JlbMMZ4P1wpeOfDhF6FQkxZJ1b/e+PLwr6X1Nhw6OLme5usuBWYBvuQ==}

  '@webassemblyjs/floating-point-hex-parser@1.13.2':
    resolution: {integrity: sha512-6oXyTOzbKxGH4steLbLNOu71Oj+C8Lg34n6CqRvqfS2O71BxY6ByfMDRhBytzknj9yGUPVJ1qIKhRlAwO1AovA==}

  '@webassemblyjs/helper-api-error@1.13.2':
    resolution: {integrity: sha512-U56GMYxy4ZQCbDZd6JuvvNV/WFildOjsaWD3Tzzvmw/mas3cXzRJPMjP83JqEsgSbyrmaGjBfDtV7KDXV9UzFQ==}

  '@webassemblyjs/helper-buffer@1.14.1':
    resolution: {integrity: sha512-jyH7wtcHiKssDtFPRB+iQdxlDf96m0E39yb0k5uJVhFGleZFoNw1c4aeIcVUPPbXUVJ94wwnMOAqUHyzoEPVMA==}

  '@webassemblyjs/helper-numbers@1.13.2':
    resolution: {integrity: sha512-FE8aCmS5Q6eQYcV3gI35O4J789wlQA+7JrqTTpJqn5emA4U2hvwJmvFRC0HODS+3Ye6WioDklgd6scJ3+PLnEA==}

  '@webassemblyjs/helper-wasm-bytecode@1.13.2':
    resolution: {integrity: sha512-3QbLKy93F0EAIXLh0ogEVR6rOubA9AoZ+WRYhNbFyuB70j3dRdwH9g+qXhLAO0kiYGlg3TxDV+I4rQTr/YNXkA==}

  '@webassemblyjs/helper-wasm-section@1.14.1':
    resolution: {integrity: sha512-ds5mXEqTJ6oxRoqjhWDU83OgzAYjwsCV8Lo/N+oRsNDmx/ZDpqalmrtgOMkHwxsG0iI//3BwWAErYRHtgn0dZw==}

  '@webassemblyjs/ieee754@1.13.2':
    resolution: {integrity: sha512-4LtOzh58S/5lX4ITKxnAK2USuNEvpdVV9AlgGQb8rJDHaLeHciwG4zlGr0j/SNWlr7x3vO1lDEsuePvtcDNCkw==}

  '@webassemblyjs/leb128@1.13.2':
    resolution: {integrity: sha512-Lde1oNoIdzVzdkNEAWZ1dZ5orIbff80YPdHx20mrHwHrVNNTjNr8E3xz9BdpcGqRQbAEa+fkrCb+fRFTl/6sQw==}

  '@webassemblyjs/utf8@1.13.2':
    resolution: {integrity: sha512-3NQWGjKTASY1xV5m7Hr0iPeXD9+RDobLll3T9d2AO+g3my8xy5peVyjSag4I50mR1bBSN/Ct12lo+R9tJk0NZQ==}

  '@webassemblyjs/wasm-edit@1.14.1':
    resolution: {integrity: sha512-RNJUIQH/J8iA/1NzlE4N7KtyZNHi3w7at7hDjvRNm5rcUXa00z1vRz3glZoULfJ5mpvYhLybmVcwcjGrC1pRrQ==}

  '@webassemblyjs/wasm-gen@1.14.1':
    resolution: {integrity: sha512-AmomSIjP8ZbfGQhumkNvgC33AY7qtMCXnN6bL2u2Js4gVCg8fp735aEiMSBbDR7UQIj90n4wKAFUSEd0QN2Ukg==}

  '@webassemblyjs/wasm-opt@1.14.1':
    resolution: {integrity: sha512-PTcKLUNvBqnY2U6E5bdOQcSM+oVP/PmrDY9NzowJjislEjwP/C4an2303MCVS2Mg9d3AJpIGdUFIQQWbPds0Sw==}

  '@webassemblyjs/wasm-parser@1.14.1':
    resolution: {integrity: sha512-JLBl+KZ0R5qB7mCnud/yyX08jWFw5MsoalJ1pQ4EdFlgj9VdXKGuENGsiCIjegI1W7p91rUlcB/LB5yRJKNTcQ==}

  '@webassemblyjs/wast-printer@1.14.1':
    resolution: {integrity: sha512-kPSSXE6De1XOR820C90RIo2ogvZG+c3KiHzqUoO/F34Y2shGzesfqv7o57xrxovZJH/MetF5UjroJ/R/3isoiw==}

  '@xtuc/ieee754@1.2.0':
    resolution: {integrity: sha512-DX8nKgqcGwsc0eJSqYt5lwP4DH5FlHnmuWWBRy7X0NcaGR0ZtuyeESgMwTYVEtxmsNGY+qit4QYT/MIYTOTPeA==}

  '@xtuc/long@4.2.2':
    resolution: {integrity: sha512-NuHqBY1PB/D8xU6s/thBgOAiAP7HOYDQ32+BFZILJ8ivkUkAHQnWfn6WhL79Owj1qmUnoN/YPhktdIoucipkAQ==}

  acorn@8.14.0:
    resolution: {integrity: sha512-cl669nCJTZBsL97OF4kUQm5g5hC2uihk0NxY3WENAC0TYdILVkAyHymAntgxGkl7K+t0cXIrH5siy5S4XkFycA==}
    engines: {node: '>=0.4.0'}
    hasBin: true

  ajv-keywords@3.5.2:
    resolution: {integrity: sha512-5p6WTN0DdTGVQk6VjcEju19IgaHudalcfabD7yhDGeA6bcQnmL+CpveLJq/3hvfwd1aof6L386Ougkx6RfyMIQ==}
    peerDependencies:
      ajv: ^6.9.1

  ajv@6.12.6:
    resolution: {integrity: sha512-j3fVLgvTo527anyYyJOGTYJbG+vnnQYvE0m5mmkc1TK+nxAppkCLMIL0aZ4dblVCNoGShhm+kzE4ZUykBoMg4g==}

  ansi-styles@4.3.0:
    resolution: {integrity: sha512-zbB9rCJAT1rbjiVDb2hqKFHNYLxgtk8NURxZ3IZwD3F6NtxbXZQCnnSi1Lkx+IDohdPlFp222wVALIheZJQSEg==}
    engines: {node: '>=8'}

  big.js@5.2.2:
    resolution: {integrity: sha512-vyL2OymJxmarO8gxMr0mhChsO9QGwhynfuu4+MHTAW6czfq9humCB7rKpUjDd9YUiDPU4mzpyupFSvOClAwbmQ==}

  browserslist@4.24.2:
    resolution: {integrity: sha512-ZIc+Q62revdMcqC6aChtW4jz3My3klmCO1fEmINZY/8J3EpBg5/A/D0AKmBveUh6pgoeycoMkVMko84tuYS+Gg==}
    engines: {node: ^6 || ^7 || ^8 || ^9 || ^10 || ^11 || ^12 || >=13.7}
    hasBin: true

  buffer-builder@0.2.0:
    resolution: {integrity: sha512-7VPMEPuYznPSoR21NE1zvd2Xna6c/CloiZCfcMXR1Jny6PjX0N4Nsa38zcBFo/FMK+BlA+FLKbJCQ0i2yxp+Xg==}

  buffer-from@1.1.2:
    resolution: {integrity: sha512-E+XQCRwSbaaiChtv6k6Dwgc+bx+Bs6vuKJHHl5kox/BaKbhiXzqQOwK4cO22yElGp2OCmjwVhT3HmxgyPGnJfQ==}

  caniuse-lite@1.0.30001683:
    resolution: {integrity: sha512-iqmNnThZ0n70mNwvxpEC2nBJ037ZHZUoBI5Gorh1Mw6IlEAZujEoU1tXA628iZfzm7R9FvFzxbfdgml82a3k8Q==}

  chalk@4.1.2:
    resolution: {integrity: sha512-oKnbhFyRIXpUuez8iBMmyEa4nbj4IOQyuhc/wy9kY7/WVPcwIO9VA668Pu8RkO7+0G76SLROeyw9CpQ061i4mA==}
    engines: {node: '>=10'}

  chrome-trace-event@1.0.4:
    resolution: {integrity: sha512-rNjApaLzuwaOTjCiT8lSDdGN1APCiqkChLMJxJPWLunPAt5fy8xgU9/jNOchV84wfIxrA0lRQB7oCT8jrn/wrQ==}
    engines: {node: '>=6.0'}

  color-convert@2.0.1:
    resolution: {integrity: sha512-RRECPsj7iu/xb5oKYcsFHSppFNnsj/52OVTRKb4zP5onXwVF3zVmmToNcOfGC+CRDpfK/U584fMg38ZHCaElKQ==}
    engines: {node: '>=7.0.0'}

  color-name@1.1.4:
    resolution: {integrity: sha512-dOy+3AuW3a2wNbZHIuMZpTcgjGuLU/uBL/ubcZF9OXbDo8ff4O8yVp5Bf0efS8uEoYo5q4Fx7dY9OgQGXgAsQA==}

  colorjs.io@0.5.2:
    resolution: {integrity: sha512-twmVoizEW7ylZSN32OgKdXRmo1qg+wT5/6C3xu5b9QsWzSFAhHLn2xd8ro0diCsKfCj1RdaTP/nrcW+vAoQPIw==}

  commander@2.20.3:
    resolution: {integrity: sha512-GpVkmM8vF2vQUkj2LvZmD35JxeJOLCwJ9cUkugyk2nuhbv3+mJvpLYYt+0+USMxE+oj+ey/lJEnhZw75x/OMcQ==}

  core-js@3.39.0:
    resolution: {integrity: sha512-raM0ew0/jJUqkJ0E6e8UDtl+y/7ktFivgWvqw8dNSQeNWoSDLvQ1H/RN3aPXB9tBd4/FhyR4RDPGhsNIMsAn7g==}

  csstype@3.1.3:
    resolution: {integrity: sha512-M1uQkMl8rQK/szD0LNhtqxIPLpimGm8sOBwU7lLnCpSbTyY3yeU1Vc7l4KT5zT4s/yOxHH5O7tIuuLOCnLADRw==}

  deepmerge@4.3.1:
    resolution: {integrity: sha512-3sUqbMEc77XqpdNO7FRyRog+eW3ph+GYCbj+rK+uYyRMuwsVy0rMiVtPn+QJlKFvWP/1PYpapqYn0Me2knFn+A==}
    engines: {node: '>=0.10.0'}

  electron-to-chromium@1.5.63:
    resolution: {integrity: sha512-ddeXKuY9BHo/mw145axlyWjlJ1UBt4WK3AlvkT7W2AbqfRQoacVoRUCF6wL3uIx/8wT9oLKXzI+rFqHHscByaA==}

  emojis-list@3.0.0:
    resolution: {integrity: sha512-/kyM18EfinwXZbno9FyUGeFh87KC8HRQBQGildHZbEuRyWFOmv1U10o9BBp8XVZDVNNuQKyIGIu5ZYAAXJ0V2Q==}
    engines: {node: '>= 4'}

  enhanced-resolve@5.17.1:
    resolution: {integrity: sha512-LMHl3dXhTcfv8gM4kEzIUeTQ+7fpdA0l2tUf34BddXPkz2A5xJ5L/Pchd5BL6rdccM9QGvu0sWZzK1Z1t4wwyg==}
    engines: {node: '>=10.13.0'}

  entities@4.5.0:
    resolution: {integrity: sha512-V0hjH4dGPh9Ao5p0MoRY6BVqtwCjhz6vI5LT8AJ55H+4g9/4vbHx1I54fS0XuclLhDHArPQCiMjDxjaL8fPxhw==}
    engines: {node: '>=0.12'}

  es-module-lexer@1.5.4:
    resolution: {integrity: sha512-MVNK56NiMrOwitFB7cqDwq0CQutbw+0BvLshJSse0MUNU+y1FC3bUS/AQg7oUng+/wKrrki7JfmwtVHkVfPLlw==}

  escalade@3.2.0:
    resolution: {integrity: sha512-WUj2qlxaQtO4g6Pq5c29GTcWGDyd8itL8zTlipgECz3JesAiiOKotd8JU6otB3PACgG6xkJUyVhboMS+bje/jA==}
    engines: {node: '>=6'}

  eslint-scope@5.1.1:
    resolution: {integrity: sha512-2NxwbF/hZ0KpepYN0cNbo+FN6XoK7GaHlQhgx/hIZl6Va0bF45RQOOwhLIy8lQDbuCiadSLCBnH2CFYquit5bw==}
    engines: {node: '>=8.0.0'}

  esrecurse@4.3.0:
    resolution: {integrity: sha512-KmfKL3b6G+RXvP8N1vr3Tq1kL/oCFgn2NYXEtqP8/L3pKapUA4G8cFVaoF3SU323CD4XypR/ffioHmkti6/Tag==}
    engines: {node: '>=4.0'}

  estraverse@4.3.0:
    resolution: {integrity: sha512-39nnKffWz8xN1BU/2c79n9nB9HDzo0niYUqx6xyqUnyoAnQyyWpOTdZEeiCch8BBu515t4wp9ZmgVfVhn9EBpw==}
    engines: {node: '>=4.0'}

  estraverse@5.3.0:
    resolution: {integrity: sha512-MMdARuVEQziNTeJD8DgMqmhwR11BRQ/cBP+pLtYdSTnf3MIO8fFeiINEbX36ZdNlfU/7A9f3gUw49B3oQsvwBA==}
    engines: {node: '>=4.0'}

  estree-walker@2.0.2:
    resolution: {integrity: sha512-Rfkk/Mp/DL7JVje3u18FxFujQlTNR2q6QfMSMB7AvCBx91NGj/ba3kCfza0f6dVDbw7YlRf/nDrn7pQrCCyQ/w==}

  events@3.3.0:
    resolution: {integrity: sha512-mQw+2fkQbALzQ7V0MY0IqdnXNOeTtP4r0lN9z7AAawCXgqea7bDii20AYrIBrFd/Hx0M2Ocz6S111CaFkUcb0Q==}
    engines: {node: '>=0.8.x'}

  fast-deep-equal@3.1.3:
    resolution: {integrity: sha512-f3qQ9oQy9j2AhBe/H9VC91wLmKBCCU/gDOnKNAYG5hswO7BLKj09Hc5HYNz9cGI++xlpDCIgDaitVs03ATR84Q==}

  fast-json-stable-stringify@2.1.0:
    resolution: {integrity: sha512-lhd/wF+Lk98HZoTCtlVraHtfh5XYijIjalXck7saUtuanSDyLMxnHhSXEDJqHxD7msR8D0uCmqlkwjCV8xvwHw==}

  glob-to-regexp@0.4.1:
    resolution: {integrity: sha512-lkX1HJXwyMcprw/5YUZc2s7DrpAiHB21/V+E1rHUrVNokkvB6bqMzT0VfV6/86ZNabt1k14YOIaT7nDvOX3Iiw==}

  graceful-fs@4.2.11:
    resolution: {integrity: sha512-RbJ5/jmFcNNCcDV5o9eTnBLJ/HszWV0P73bc+Ff4nS/rJj+YaS6IGyiOL0VoBYX+l1Wrl3k63h/KrH+nhJ0XvQ==}

  has-flag@4.0.0:
    resolution: {integrity: sha512-EykJT/Q1KjTWctppgIAgfSO0tKVuZUjhgMr17kqTumMl6Afv3EISleU7qZUzoXDFTAHTDC4NOoG/ZxU3EvlMPQ==}
    engines: {node: '>=8'}

  hash-sum@2.0.0:
    resolution: {integrity: sha512-WdZTbAByD+pHfl/g9QSsBIIwy8IT+EsPiKDs0KNX+zSHhdDLFKdZu0BQHljvO+0QI/BasbMSUa8wYNCZTvhslg==}

  immutable@5.0.3:
    resolution: {integrity: sha512-P8IdPQHq3lA1xVeBRi5VPqUm5HDgKnx0Ru51wZz5mjxHr5n3RWhjIpOFU7ybkUxfB+5IToy+OLaHYDBIWsv+uw==}

  jest-worker@27.5.1:
    resolution: {integrity: sha512-7vuh85V5cdDofPyxn58nrPjBktZo0u9x1g8WtjQol+jZDaE+fhN+cIvTj11GndBnMnyfrUOG1sZQxCdjKh+DKg==}
    engines: {node: '>= 10.13.0'}

  json-parse-even-better-errors@2.3.1:
    resolution: {integrity: sha512-xyFwyhro/JEof6Ghe2iz2NcXoj2sloNsWr/XsERDK/oiPCfaNhl5ONfp+jQdAZRQQ0IJWNzH9zIZF7li91kh2w==}

  json-schema-traverse@0.4.1:
    resolution: {integrity: sha512-xbbCH5dCYU5T8LcEhhuh7HJ88HXuW3qsI3Y0zOZFKfZEHcpWiHU/Jxzk629Brsab/mMiHQti9wMP+845RPe3Vg==}

  json5@2.2.3:
    resolution: {integrity: sha512-XmOWe7eyHYH14cLdVPoyg+GOH3rYX++KpzrylJwSW98t3Nk+U8XOl8FWKOgwtzdb8lXGf6zYwDUzeHMWfxasyg==}
    engines: {node: '>=6'}
    hasBin: true

  loader-runner@4.3.0:
    resolution: {integrity: sha512-3R/1M+yS3j5ou80Me59j7F9IMs4PXs3VqRrm0TU3AbKPxlmpoY1TNscJV/oGJXo8qCatFGTfDbY6W6ipGOYXfg==}
    engines: {node: '>=6.11.5'}

  loader-utils@2.0.4:
    resolution: {integrity: sha512-xXqpXoINfFhgua9xiqD8fPFHgkoq1mmmpE92WlDbm9rNRd/EbRb+Gqf908T2DMfuHjjJlksiK2RbHVOdD/MqSw==}
    engines: {node: '>=8.9.0'}

  magic-string@0.30.13:
    resolution: {integrity: sha512-8rYBO+MsWkgjDSOvLomYnzhdwEG51olQ4zL5KXnNJWV5MNmrb4rTZdrtkhxjnD/QyZUqR/Z/XDsUs/4ej2nx0g==}

  merge-stream@2.0.0:
    resolution: {integrity: sha512-abv/qOcuPfk3URPfDzmZU1LKmuw8kT+0nIHvKrKgFrwifol/doWcdA4ZqsWQ8ENrFKkd67Mfpo/LovbIUsbt3w==}

  mime-db@1.52.0:
    resolution: {integrity: sha512-sPU4uV7dYlvtWJxwwxHD0PuihVNiE7TyAbQ5SWxDCB9mUYvOgroQOwYQQOKPJ8CIbE+1ETVlOoK1UC2nU3gYvg==}
    engines: {node: '>= 0.6'}

  mime-types@2.1.35:
    resolution: {integrity: sha512-ZDY+bPm5zTTF+YpCrAU9nK0UgICYPT0QtT1NZWFv4s++TNkcgVaT0g6+4R2uI4MjQjzysHB1zxuWL50hzaeXiw==}
    engines: {node: '>= 0.6'}

  nanoid@3.3.7:
    resolution: {integrity: sha512-eSRppjcPIatRIMC1U6UngP8XFcz8MQWGQdt1MTBQ7NaAmvXDfvNxbvWV3x2y6CdEUciCSsDHDQZbhYaB8QEo2g==}
    engines: {node: ^10 || ^12 || ^13.7 || ^14 || >=15.0.1}
    hasBin: true

  neo-async@2.6.2:
    resolution: {integrity: sha512-Yd3UES5mWCSqR+qNT93S3UoYUkqAZ9lLg8a7g9rimsWmYGK8cVToA4/sF3RrshdyV3sAGMXVUmpMYOw+dLpOuw==}

  node-releases@2.0.18:
    resolution: {integrity: sha512-d9VeXT4SJ7ZeOqGX6R5EM022wpL+eWPooLI+5UpWn2jCT1aosUQEhQP214x33Wkwx3JQMvIm+tIoVOdodFS40g==}

  picocolors@1.1.1:
    resolution: {integrity: sha512-xceH2snhtb5M9liqDsmEw56le376mTZkEX/jEb/RxNFyegNul7eNslCXP9FDj/Lcu0X8KEyMceP2ntpaHrDEVA==}

  postcss@8.4.49:
    resolution: {integrity: sha512-OCVPnIObs4N29kxTjzLfUryOkvZEq+pf8jTF0lg8E7uETuWHA+v7j3c/xJmiqpX450191LlmZfUKkXxkTry7nA==}
    engines: {node: ^10 || ^12 || >=14}

  punycode@2.3.1:
    resolution: {integrity: sha512-vYt7UD1U9Wg6138shLtLOvdAu+8DsC/ilFtEVHcH+wydcSpNE20AfSOduf6MkRFahL5FY7X1oU7nKVZFtfq8Fg==}
    engines: {node: '>=6'}

  randombytes@2.1.0:
    resolution: {integrity: sha512-vYl3iOX+4CKUWuxGi9Ukhie6fsqXqS9FE2Zaic4tNFD2N2QQaXOMFbuKK4QmDHC0JO6B1Zp41J0LpT0oR68amQ==}

  reduce-configs@1.0.0:
    resolution: {integrity: sha512-/JCYSgL/QeXXsq0Lv/7kOZfqvof7vyzHWfyNQPt3c6vc73mU4WRyT8RJ6ZH5Ci08vUOqXwk7jkZy6BycHTDD9w==}

  rxjs@7.8.1:
    resolution: {integrity: sha512-AA3TVj+0A2iuIoQkWEK/tqFjBq2j+6PO6Y0zJcvzLAFhEFIO3HL0vls9hWLncZbAAbK0mar7oZ4V079I/qPMxg==}

  safe-buffer@5.2.1:
    resolution: {integrity: sha512-rp3So07KcdmmKbGvgaNxQSJr7bGVSVk5S9Eq1F+ppbRo70+YeaDxkw5Dd8NPN+GD6bjnYm2VuPuCXmpuYvmCXQ==}

  sass-embedded-android-arm64@1.81.0:
    resolution: {integrity: sha512-I36P77/PKAHx6sqOmexO2iEY5kpsmQ1VxcgITZSOxPMQhdB6m4t3bTabfDuWQQmCrqqiNFtLQHeytB65bUqwiw==}
    engines: {node: '>=14.0.0'}
    cpu: [arm64]
    os: [android]

  sass-embedded-android-arm@1.81.0:
    resolution: {integrity: sha512-NWEmIuaIEsGFNsIRa+5JpIpPJyZ32H15E85CNZqEIhhwWlk9UNw7vlOCmTH8MtabtnACwC/2NG8VyNa3nxKzUQ==}
    engines: {node: '>=14.0.0'}
    cpu: [arm]
    os: [android]

  sass-embedded-android-ia32@1.81.0:
    resolution: {integrity: sha512-k8V1usXw30w1GVxvrteG1RzgYJzYQ9PfL2aeOqGdroBN7zYTD9VGJXTGcxA4IeeRxmRd7szVW2mKXXS472fh8g==}
    engines: {node: '>=14.0.0'}
    cpu: [ia32]
    os: [android]

  sass-embedded-android-riscv64@1.81.0:
    resolution: {integrity: sha512-RXlanyLXEpN/DEehXgLuKPsqT//GYlsGFxKXgRiCc8hIPAueFLQXKJmLWlL3BEtHgmFdbsStIu4aZCcb1hOFlQ==}
    engines: {node: '>=14.0.0'}
    cpu: [riscv64]
    os: [android]

  sass-embedded-android-x64@1.81.0:
    resolution: {integrity: sha512-RQG0FxGQ1DERNyUDED8+BDVaLIjI+BNg8lVcyqlLZUrWY6NhzjwYEeiN/DNZmMmHtqDucAPNDcsdVUNQqsBy2A==}
    engines: {node: '>=14.0.0'}
    cpu: [x64]
    os: [android]

  sass-embedded-darwin-arm64@1.81.0:
    resolution: {integrity: sha512-gLKbsfII9Ppua76N41ODFnKGutla9qv0OGAas8gxe0jYBeAQFi/1iKQYdNtQtKi4mA9n5TQTqz+HHCKszZCoyA==}
    engines: {node: '>=14.0.0'}
    cpu: [arm64]
    os: [darwin]

  sass-embedded-darwin-x64@1.81.0:
    resolution: {integrity: sha512-7uMOlT9hD2KUJCbTN2XcfghDxt/rc50ujjfSjSHjX1SYj7mGplkINUXvVbbvvaV2wt6t9vkGkCo5qNbeBhfwBg==}
    engines: {node: '>=14.0.0'}
    cpu: [x64]
    os: [darwin]

  sass-embedded-linux-arm64@1.81.0:
    resolution: {integrity: sha512-jy4bvhdUmqbyw1jv1f3Uxl+MF8EU/Y/GDx4w6XPJm4Ds+mwH/TwnyAwsxxoBhWfnBnW8q2ADy039DlS5p+9csQ==}
    engines: {node: '>=14.0.0'}
    cpu: [arm64]
    os: [linux]

  sass-embedded-linux-arm@1.81.0:
    resolution: {integrity: sha512-REqR9qM4RchCE3cKqzRy9Q4zigIV82SbSpCi/O4O3oK3pg2I1z7vkb3TiJsivusG/li7aqKZGmYOtAXjruGQDA==}
    engines: {node: '>=14.0.0'}
    cpu: [arm]
    os: [linux]

  sass-embedded-linux-ia32@1.81.0:
    resolution: {integrity: sha512-ga/Jk4q5Bn1aC+iHJteDZuLSKnmBUiS3dEg1fnl/Z7GaHIChceKDJOw0zNaILRXI0qT2E1at9MwzoRaRA5Nn/g==}
    engines: {node: '>=14.0.0'}
    cpu: [ia32]
    os: [linux]

  sass-embedded-linux-musl-arm64@1.81.0:
    resolution: {integrity: sha512-hpntWf5kjkoxncA1Vh8vhsUOquZ8AROZKx0rQh7ZjSRs4JrYZASz1cfevPKaEM3wIim/nYa6TJqm0VqWsrERlA==}
    engines: {node: '>=14.0.0'}
    cpu: [arm64]
    os: [linux]

  sass-embedded-linux-musl-arm@1.81.0:
    resolution: {integrity: sha512-oWVUvQ4d5Kx1Md75YXZl5z1WBjc+uOhfRRqzkJ3nWc8tjszxJN+y/5EOJavhsNI3/2yoTt6eMXRTqDD9b0tWSQ==}
    engines: {node: '>=14.0.0'}
    cpu: [arm]
    os: [linux]

  sass-embedded-linux-musl-ia32@1.81.0:
    resolution: {integrity: sha512-UEXUYkBuqTSwg5JNWiNlfMZ1Jx6SJkaEdx+fsL3Tk099L8cKSoJWH2EPz4ZJjNbyIMymrSdVfymheTeZ8u24xA==}
    engines: {node: '>=14.0.0'}
    cpu: [ia32]
    os: [linux]

  sass-embedded-linux-musl-riscv64@1.81.0:
    resolution: {integrity: sha512-1D7OznytbIhx2XDHWi1nuQ8d/uCVR7FGGzELgaU//T8A9DapVTUgPKvB70AF1k4GzChR9IXU/WvFZs2hDTbaJg==}
    engines: {node: '>=14.0.0'}
    cpu: [riscv64]
    os: [linux]

  sass-embedded-linux-musl-x64@1.81.0:
    resolution: {integrity: sha512-ia6VCTeVDQtBSMktXRFza1AZCt8/6aUoujot6Ugf4KmdytQqPJIHxkHaGftm5xwi9WdrMGYS7zgolToPijR11A==}
    engines: {node: '>=14.0.0'}
    cpu: [x64]
    os: [linux]

  sass-embedded-linux-riscv64@1.81.0:
    resolution: {integrity: sha512-KbxSsqu4tT1XbhZfJV/5NfW0VtJIGlD58RjqJqJBi8Rnjrx29/upBsuwoDWtsPV/LhoGwwU1XkSa9Q1ifCz4fQ==}
    engines: {node: '>=14.0.0'}
    cpu: [riscv64]
    os: [linux]

  sass-embedded-linux-x64@1.81.0:
    resolution: {integrity: sha512-AMDeVY2T9WAnSFkuQcsOn5c29GRs/TuqnCiblKeXfxCSKym5uKdBl/N7GnTV6OjzoxiJBbkYKdVIaS5By7Gj4g==}
    engines: {node: '>=14.0.0'}
    cpu: [x64]
    os: [linux]

  sass-embedded-win32-arm64@1.81.0:
    resolution: {integrity: sha512-YOmBRYnygwWUmCoH14QbMRHjcvCJufeJBAp0m61tOJXIQh64ziwV4mjdqjS/Rx3zhTT4T+nulDUw4d3kLiMncA==}
    engines: {node: '>=14.0.0'}
    cpu: [arm64]
    os: [win32]

  sass-embedded-win32-ia32@1.81.0:
    resolution: {integrity: sha512-HFfr/C+uLJGGTENdnssuNTmXI/xnIasUuEHEKqI+2J0FHCWT5cpz3PGAOHymPyJcZVYGUG/7gIxIx/d7t0LFYw==}
    engines: {node: '>=14.0.0'}
    cpu: [ia32]
    os: [win32]

  sass-embedded-win32-x64@1.81.0:
    resolution: {integrity: sha512-wxj52jDcIAwWcXb7ShZ7vQYKcVUkJ+04YM9l46jDY+qwHzliGuorAUyujLyKTE9heGD3gShJ3wPPC1lXzq6v9A==}
    engines: {node: '>=14.0.0'}
    cpu: [x64]
    os: [win32]

  sass-embedded@1.81.0:
    resolution: {integrity: sha512-uZQ2Faxb1oWBHpeSSzjxnhClbMb3QadN0ql0ZFNuqWOLUxwaVhrMlMhPq6TDPbbfDUjihuwrMCuy695Bgna5RA==}
    engines: {node: '>=16.0.0'}
    hasBin: true

  schema-utils@3.3.0:
    resolution: {integrity: sha512-pN/yOAvcC+5rQ5nERGuwrjLlYvLTbCibnZ1I7B1LaiAz9BRBlE9GMgE/eqV30P7aJQUf7Ddimy/RsbYO/GrVGg==}
    engines: {node: '>= 10.13.0'}

  serialize-javascript@6.0.2:
    resolution: {integrity: sha512-Saa1xPByTTq2gdeFZYLLo+RFE35NHZkAbqZeWNd3BpzppeVisAqpDjcp8dyf6uIvEqJRd46jemmyA4iFIeVk8g==}

  source-map-js@1.2.1:
    resolution: {integrity: sha512-UXWMKhLOwVKb728IUtQPXxfYU+usdybtUrK/8uGE8CQMvrhOpwvzDBwj0QhSL7MQc7vIsISBG8VQ8+IDQxpfQA==}
    engines: {node: '>=0.10.0'}

  source-map-support@0.5.21:
    resolution: {integrity: sha512-uBHU3L3czsIyYXKX88fdrGovxdSCoTGDRZ6SYXtSRxLZUzHg5P/66Ht6uoUlHu9EZod+inXhKo3qQgwXUT/y1w==}

  source-map@0.6.1:
    resolution: {integrity: sha512-UjgapumWlbMhkBgzT7Ykc5YXUT46F0iKu8SGXq0bcwP5dz/h0Plj6enJqjz1Zbq2l5WaqYnrVbwWOWMyF3F47g==}
    engines: {node: '>=0.10.0'}

  supports-color@7.2.0:
    resolution: {integrity: sha512-qpCAvRl9stuOHveKsn7HncJRvv501qIacKzQlO/+Lwxc9+0q2wLyv4Dfvt80/DPn2pqOBsJdDiogXGR9+OvwRw==}
    engines: {node: '>=8'}

  supports-color@8.1.1:
    resolution: {integrity: sha512-MpUEN2OodtUzxvKQl72cUF7RQ5EiHsGvSsVG0ia9c5RbWGL2CI4C7EpPS8UTBIplnlzZiNuV56w+FuNxy3ty2Q==}
    engines: {node: '>=10'}

  sync-child-process@1.0.2:
    resolution: {integrity: sha512-8lD+t2KrrScJ/7KXCSyfhT3/hRq78rC0wBFqNJXv3mZyn6hW2ypM05JmlSvtqRbeq6jqA94oHbxAr2vYsJ8vDA==}
    engines: {node: '>=16.0.0'}

  sync-message-port@1.1.3:
    resolution: {integrity: sha512-GTt8rSKje5FilG+wEdfCkOcLL7LWqpMlr2c3LRuKt/YXxcJ52aGSbGBAdI4L3aaqfrBt6y711El53ItyH1NWzg==}
    engines: {node: '>=16.0.0'}

  tapable@2.2.1:
    resolution: {integrity: sha512-GNzQvQTOIP6RyTfE2Qxb8ZVlNmw0n88vp1szwWRimP02mnTsx3Wtn5qRdqY9w2XduFNUgvOwhNnQsjwCp+kqaQ==}
    engines: {node: '>=6'}

  terser-webpack-plugin@5.3.10:
    resolution: {integrity: sha512-BKFPWlPDndPs+NGGCr1U59t0XScL5317Y0UReNrHaw9/FwhPENlq6bfgs+4yPfyP51vqC1bQ4rp1EfXW5ZSH9w==}
    engines: {node: '>= 10.13.0'}
    peerDependencies:
      '@swc/core': '*'
      esbuild: '*'
      uglify-js: '*'
      webpack: ^5.1.0
    peerDependenciesMeta:
      '@swc/core':
        optional: true
      esbuild:
        optional: true
      uglify-js:
        optional: true

  terser@5.36.0:
    resolution: {integrity: sha512-IYV9eNMuFAV4THUspIRXkLakHnV6XO7FEdtKjf/mDyrnqUg9LnlOn6/RwRvM9SZjR4GUq8Nk8zj67FzVARr74w==}
    engines: {node: '>=10'}
    hasBin: true

  tslib@2.8.1:
    resolution: {integrity: sha512-oJFu94HQb+KVduSUQL7wnpmqnfmLsOA/nAh6b6EH0wCEoK0/mPeXU6c3wKDV83MkOuHPRHtSXKKU99IBazS/2w==}

  typescript@5.6.3:
    resolution: {integrity: sha512-hjcS1mhfuyi4WW8IWtjP7brDrG2cuDZukyrYrSauoXGNgx0S7zceP07adYkJycEr56BOUTNPzbInooiN3fn1qw==}
    engines: {node: '>=14.17'}
    hasBin: true

  undici-types@6.19.8:
    resolution: {integrity: sha512-ve2KP6f/JnbPBFyobGHuerC9g1FYGn/F8n1LWTwNxCEzd6IfqTwUQcNXgEtmmQ6DlRrC1hrSrBnCZPokRrDHjw==}

  update-browserslist-db@1.1.1:
    resolution: {integrity: sha512-R8UzCaa9Az+38REPiJ1tXlImTJXlVfgHZsglwBD/k6nj76ctsH1E3q4doGrukiLQd3sGQYu56r5+lo5r94l29A==}
    hasBin: true
    peerDependencies:
      browserslist: '>= 4.21.0'

  uri-js@4.4.1:
    resolution: {integrity: sha512-7rKUyy33Q1yc98pQ1DAmLtwX109F7TIfWlW1Ydo8Wl1ii1SeHieeh0HHfPeL2fMXK6z0s8ecKs9frCuLJvndBg==}

  varint@6.0.0:
    resolution: {integrity: sha512-cXEIW6cfr15lFv563k4GuVuW/fiwjknytD37jIOLSdSWuOI6WnO/oKwmP2FQTU2l01LP8/M5TSAJpzUaGe3uWg==}

  vue-loader@17.4.2:
    resolution: {integrity: sha512-yTKOA4R/VN4jqjw4y5HrynFL8AK0Z3/Jt7eOJXEitsm0GMRHDBjCfCiuTiLP7OESvsZYo2pATCWhDqxC5ZrM6w==}
    peerDependencies:
      '@vue/compiler-sfc': '*'
      vue: '*'
      webpack: ^4.1.0 || ^5.0.0-0
    peerDependenciesMeta:
      '@vue/compiler-sfc':
        optional: true
      vue:
        optional: true

  vue@3.5.13:
    resolution: {integrity: sha512-wmeiSMxkZCSc+PM2w2VRsOYAZC8GdipNFRTsLSfodVqI9mbejKeXEGr8SckuLnrQPGe3oJN5c3K0vpoU9q/wCQ==}
    peerDependencies:
      typescript: '*'
    peerDependenciesMeta:
      typescript:
        optional: true

  watchpack@2.4.2:
    resolution: {integrity: sha512-TnbFSbcOCcDgjZ4piURLCbJ3nJhznVh9kw6F6iokjiFPl8ONxe9A6nMDVXDiNbrSfLILs6vB07F7wLBrwPYzJw==}
    engines: {node: '>=10.13.0'}

  webpack-sources@3.2.3:
    resolution: {integrity: sha512-/DyMEOrDgLKKIG0fmvtz+4dUX/3Ghozwgm6iPp8KRhvn+eQf9+Q7GWxVNMk3+uCPWfdXYC4ExGBckIXdFEfH1w==}
    engines: {node: '>=10.13.0'}

  webpack@5.96.1:
    resolution: {integrity: sha512-l2LlBSvVZGhL4ZrPwyr8+37AunkcYj5qh8o6u2/2rzoPc8gxFJkLj1WxNgooi9pnoc06jh0BjuXnamM4qlujZA==}
    engines: {node: '>=10.13.0'}
    hasBin: true
    peerDependencies:
      webpack-cli: '*'
    peerDependenciesMeta:
      webpack-cli:
        optional: true

snapshots:

  '@babel/helper-string-parser@7.25.9': {}

  '@babel/helper-validator-identifier@7.25.9': {}

  '@babel/parser@7.26.2':
    dependencies:
      '@babel/types': 7.26.0

  '@babel/types@7.26.0':
    dependencies:
      '@babel/helper-string-parser': 7.25.9
      '@babel/helper-validator-identifier': 7.25.9

  '@bufbuild/protobuf@2.2.2': {}

  '@jridgewell/gen-mapping@0.3.5':
    dependencies:
      '@jridgewell/set-array': 1.2.1
      '@jridgewell/sourcemap-codec': 1.5.0
      '@jridgewell/trace-mapping': 0.3.25

  '@jridgewell/resolve-uri@3.1.2': {}

  '@jridgewell/set-array@1.2.1': {}

  '@jridgewell/source-map@0.3.6':
    dependencies:
      '@jridgewell/gen-mapping': 0.3.5
      '@jridgewell/trace-mapping': 0.3.25

  '@jridgewell/sourcemap-codec@1.5.0': {}

  '@jridgewell/trace-mapping@0.3.25':
    dependencies:
      '@jridgewell/resolve-uri': 3.1.2
      '@jridgewell/sourcemap-codec': 1.5.0

  '@module-federation/runtime-tools@0.5.1':
    dependencies:
      '@module-federation/runtime': 0.5.1
      '@module-federation/webpack-bundler-runtime': 0.5.1

  '@module-federation/runtime@0.5.1':
    dependencies:
      '@module-federation/sdk': 0.5.1

  '@module-federation/sdk@0.5.1': {}

  '@module-federation/webpack-bundler-runtime@0.5.1':
    dependencies:
      '@module-federation/runtime': 0.5.1
      '@module-federation/sdk': 0.5.1

  '@rsbuild/core@1.1.4':
    dependencies:
      '@rspack/core': 1.1.3(@swc/helpers@0.5.15)
      '@rspack/lite-tapable': 1.0.1
      '@swc/helpers': 0.5.15
      core-js: 3.39.0

  '@rsbuild/plugin-sass@1.1.1(@rsbuild/core@1.1.4)':
    dependencies:
      '@rsbuild/core': 1.1.4
      deepmerge: 4.3.1
      loader-utils: 2.0.4
      postcss: 8.4.49
      reduce-configs: 1.0.0
      sass-embedded: 1.81.0

  '@rsbuild/plugin-vue@1.0.5(@rsbuild/core@1.1.4)(vue@3.5.13(typescript@5.6.3))':
    dependencies:
      '@rsbuild/core': 1.1.4
      vue-loader: 17.4.2(vue@3.5.13(typescript@5.6.3))(webpack@5.96.1)
      webpack: 5.96.1
    transitivePeerDependencies:
      - '@swc/core'
      - '@vue/compiler-sfc'
      - esbuild
      - uglify-js
      - vue
      - webpack-cli

  '@rspack/binding-darwin-arm64@1.1.3':
    optional: true

  '@rspack/binding-darwin-x64@1.1.3':
    optional: true

  '@rspack/binding-linux-arm64-gnu@1.1.3':
    optional: true

  '@rspack/binding-linux-arm64-musl@1.1.3':
    optional: true

  '@rspack/binding-linux-x64-gnu@1.1.3':
    optional: true

  '@rspack/binding-linux-x64-musl@1.1.3':
    optional: true

  '@rspack/binding-win32-arm64-msvc@1.1.3':
    optional: true

  '@rspack/binding-win32-ia32-msvc@1.1.3':
    optional: true

  '@rspack/binding-win32-x64-msvc@1.1.3':
    optional: true

  '@rspack/binding@1.1.3':
    optionalDependencies:
      '@rspack/binding-darwin-arm64': 1.1.3
      '@rspack/binding-darwin-x64': 1.1.3
      '@rspack/binding-linux-arm64-gnu': 1.1.3
      '@rspack/binding-linux-arm64-musl': 1.1.3
      '@rspack/binding-linux-x64-gnu': 1.1.3
      '@rspack/binding-linux-x64-musl': 1.1.3
      '@rspack/binding-win32-arm64-msvc': 1.1.3
      '@rspack/binding-win32-ia32-msvc': 1.1.3
      '@rspack/binding-win32-x64-msvc': 1.1.3

  '@rspack/core@1.1.3(@swc/helpers@0.5.15)':
    dependencies:
      '@module-federation/runtime-tools': 0.5.1
      '@rspack/binding': 1.1.3
      '@rspack/lite-tapable': 1.0.1
      caniuse-lite: 1.0.30001683
    optionalDependencies:
      '@swc/helpers': 0.5.15

  '@rspack/lite-tapable@1.0.1': {}

  '@swc/helpers@0.5.15':
    dependencies:
      tslib: 2.8.1

  '@types/eslint-scope@3.7.7':
    dependencies:
      '@types/eslint': 9.6.1
      '@types/estree': 1.0.6

  '@types/eslint@9.6.1':
    dependencies:
      '@types/estree': 1.0.6
      '@types/json-schema': 7.0.15

  '@types/estree@1.0.6': {}

  '@types/json-schema@7.0.15': {}

  '@types/node@22.9.1':
    dependencies:
      undici-types: 6.19.8

  '@vue/compiler-core@3.5.13':
    dependencies:
      '@babel/parser': 7.26.2
      '@vue/shared': 3.5.13
      entities: 4.5.0
      estree-walker: 2.0.2
      source-map-js: 1.2.1

  '@vue/compiler-dom@3.5.13':
    dependencies:
      '@vue/compiler-core': 3.5.13
      '@vue/shared': 3.5.13

  '@vue/compiler-sfc@3.5.13':
    dependencies:
      '@babel/parser': 7.26.2
      '@vue/compiler-core': 3.5.13
      '@vue/compiler-dom': 3.5.13
      '@vue/compiler-ssr': 3.5.13
      '@vue/shared': 3.5.13
      estree-walker: 2.0.2
      magic-string: 0.30.13
      postcss: 8.4.49
      source-map-js: 1.2.1

  '@vue/compiler-ssr@3.5.13':
    dependencies:
      '@vue/compiler-dom': 3.5.13
      '@vue/shared': 3.5.13

  '@vue/reactivity@3.5.13':
    dependencies:
      '@vue/shared': 3.5.13

  '@vue/runtime-core@3.5.13':
    dependencies:
      '@vue/reactivity': 3.5.13
      '@vue/shared': 3.5.13

  '@vue/runtime-dom@3.5.13':
    dependencies:
      '@vue/reactivity': 3.5.13
      '@vue/runtime-core': 3.5.13
      '@vue/shared': 3.5.13
      csstype: 3.1.3

  '@vue/server-renderer@3.5.13(vue@3.5.13(typescript@5.6.3))':
    dependencies:
      '@vue/compiler-ssr': 3.5.13
      '@vue/shared': 3.5.13
      vue: 3.5.13(typescript@5.6.3)

  '@vue/shared@3.5.13': {}

  '@webassemblyjs/ast@1.14.1':
    dependencies:
      '@webassemblyjs/helper-numbers': 1.13.2
      '@webassemblyjs/helper-wasm-bytecode': 1.13.2

  '@webassemblyjs/floating-point-hex-parser@1.13.2': {}

  '@webassemblyjs/helper-api-error@1.13.2': {}

  '@webassemblyjs/helper-buffer@1.14.1': {}

  '@webassemblyjs/helper-numbers@1.13.2':
    dependencies:
      '@webassemblyjs/floating-point-hex-parser': 1.13.2
      '@webassemblyjs/helper-api-error': 1.13.2
      '@xtuc/long': 4.2.2

  '@webassemblyjs/helper-wasm-bytecode@1.13.2': {}

  '@webassemblyjs/helper-wasm-section@1.14.1':
    dependencies:
      '@webassemblyjs/ast': 1.14.1
      '@webassemblyjs/helper-buffer': 1.14.1
      '@webassemblyjs/helper-wasm-bytecode': 1.13.2
      '@webassemblyjs/wasm-gen': 1.14.1

  '@webassemblyjs/ieee754@1.13.2':
    dependencies:
      '@xtuc/ieee754': 1.2.0

  '@webassemblyjs/leb128@1.13.2':
    dependencies:
      '@xtuc/long': 4.2.2

  '@webassemblyjs/utf8@1.13.2': {}

  '@webassemblyjs/wasm-edit@1.14.1':
    dependencies:
      '@webassemblyjs/ast': 1.14.1
      '@webassemblyjs/helper-buffer': 1.14.1
      '@webassemblyjs/helper-wasm-bytecode': 1.13.2
      '@webassemblyjs/helper-wasm-section': 1.14.1
      '@webassemblyjs/wasm-gen': 1.14.1
      '@webassemblyjs/wasm-opt': 1.14.1
      '@webassemblyjs/wasm-parser': 1.14.1
      '@webassemblyjs/wast-printer': 1.14.1

  '@webassemblyjs/wasm-gen@1.14.1':
    dependencies:
      '@webassemblyjs/ast': 1.14.1
      '@webassemblyjs/helper-wasm-bytecode': 1.13.2
      '@webassemblyjs/ieee754': 1.13.2
      '@webassemblyjs/leb128': 1.13.2
      '@webassemblyjs/utf8': 1.13.2

  '@webassemblyjs/wasm-opt@1.14.1':
    dependencies:
      '@webassemblyjs/ast': 1.14.1
      '@webassemblyjs/helper-buffer': 1.14.1
      '@webassemblyjs/wasm-gen': 1.14.1
      '@webassemblyjs/wasm-parser': 1.14.1

  '@webassemblyjs/wasm-parser@1.14.1':
    dependencies:
      '@webassemblyjs/ast': 1.14.1
      '@webassemblyjs/helper-api-error': 1.13.2
      '@webassemblyjs/helper-wasm-bytecode': 1.13.2
      '@webassemblyjs/ieee754': 1.13.2
      '@webassemblyjs/leb128': 1.13.2
      '@webassemblyjs/utf8': 1.13.2

  '@webassemblyjs/wast-printer@1.14.1':
    dependencies:
      '@webassemblyjs/ast': 1.14.1
      '@xtuc/long': 4.2.2

  '@xtuc/ieee754@1.2.0': {}

  '@xtuc/long@4.2.2': {}

  acorn@8.14.0: {}

  ajv-keywords@3.5.2(ajv@6.12.6):
    dependencies:
      ajv: 6.12.6

  ajv@6.12.6:
    dependencies:
      fast-deep-equal: 3.1.3
      fast-json-stable-stringify: 2.1.0
      json-schema-traverse: 0.4.1
      uri-js: 4.4.1

  ansi-styles@4.3.0:
    dependencies:
      color-convert: 2.0.1

  big.js@5.2.2: {}

  browserslist@4.24.2:
    dependencies:
      caniuse-lite: 1.0.30001683
      electron-to-chromium: 1.5.63
      node-releases: 2.0.18
      update-browserslist-db: 1.1.1(browserslist@4.24.2)

  buffer-builder@0.2.0: {}

  buffer-from@1.1.2: {}

  caniuse-lite@1.0.30001683: {}

  chalk@4.1.2:
    dependencies:
      ansi-styles: 4.3.0
      supports-color: 7.2.0

  chrome-trace-event@1.0.4: {}

  color-convert@2.0.1:
    dependencies:
      color-name: 1.1.4

  color-name@1.1.4: {}

  colorjs.io@0.5.2: {}

  commander@2.20.3: {}

  core-js@3.39.0: {}

  csstype@3.1.3: {}

  deepmerge@4.3.1: {}

  electron-to-chromium@1.5.63: {}

  emojis-list@3.0.0: {}

  enhanced-resolve@5.17.1:
    dependencies:
      graceful-fs: 4.2.11
      tapable: 2.2.1

  entities@4.5.0: {}

  es-module-lexer@1.5.4: {}

  escalade@3.2.0: {}

  eslint-scope@5.1.1:
    dependencies:
      esrecurse: 4.3.0
      estraverse: 4.3.0

  esrecurse@4.3.0:
    dependencies:
      estraverse: 5.3.0

  estraverse@4.3.0: {}

  estraverse@5.3.0: {}

  estree-walker@2.0.2: {}

  events@3.3.0: {}

  fast-deep-equal@3.1.3: {}

  fast-json-stable-stringify@2.1.0: {}

  glob-to-regexp@0.4.1: {}

  graceful-fs@4.2.11: {}

  has-flag@4.0.0: {}

  hash-sum@2.0.0: {}

  immutable@5.0.3: {}

  jest-worker@27.5.1:
    dependencies:
      '@types/node': 22.9.1
      merge-stream: 2.0.0
      supports-color: 8.1.1

  json-parse-even-better-errors@2.3.1: {}

  json-schema-traverse@0.4.1: {}

  json5@2.2.3: {}

  loader-runner@4.3.0: {}

  loader-utils@2.0.4:
    dependencies:
      big.js: 5.2.2
      emojis-list: 3.0.0
      json5: 2.2.3

  magic-string@0.30.13:
    dependencies:
      '@jridgewell/sourcemap-codec': 1.5.0

  merge-stream@2.0.0: {}

  mime-db@1.52.0: {}

  mime-types@2.1.35:
    dependencies:
      mime-db: 1.52.0

  nanoid@3.3.7: {}

  neo-async@2.6.2: {}

  node-releases@2.0.18: {}

  picocolors@1.1.1: {}

  postcss@8.4.49:
    dependencies:
      nanoid: 3.3.7
      picocolors: 1.1.1
      source-map-js: 1.2.1

  punycode@2.3.1: {}

  randombytes@2.1.0:
    dependencies:
      safe-buffer: 5.2.1

  reduce-configs@1.0.0:
    dependencies:
      browserslist: 4.24.2

  rxjs@7.8.1:
    dependencies:
      tslib: 2.8.1

  safe-buffer@5.2.1: {}

  sass-embedded-android-arm64@1.81.0:
    optional: true

  sass-embedded-android-arm@1.81.0:
    optional: true

  sass-embedded-android-ia32@1.81.0:
    optional: true

  sass-embedded-android-riscv64@1.81.0:
    optional: true

  sass-embedded-android-x64@1.81.0:
    optional: true

  sass-embedded-darwin-arm64@1.81.0:
    optional: true

  sass-embedded-darwin-x64@1.81.0:
    optional: true

  sass-embedded-linux-arm64@1.81.0:
    optional: true

  sass-embedded-linux-arm@1.81.0:
    optional: true

  sass-embedded-linux-ia32@1.81.0:
    optional: true

  sass-embedded-linux-musl-arm64@1.81.0:
    optional: true

  sass-embedded-linux-musl-arm@1.81.0:
    optional: true

  sass-embedded-linux-musl-ia32@1.81.0:
    optional: true

  sass-embedded-linux-musl-riscv64@1.81.0:
    optional: true

  sass-embedded-linux-musl-x64@1.81.0:
    optional: true

  sass-embedded-linux-riscv64@1.81.0:
    optional: true

  sass-embedded-linux-x64@1.81.0:
    optional: true

  sass-embedded-win32-arm64@1.81.0:
    optional: true

  sass-embedded-win32-ia32@1.81.0:
    optional: true

  sass-embedded-win32-x64@1.81.0:
    optional: true

  sass-embedded@1.81.0:
    dependencies:
      '@bufbuild/protobuf': 2.2.2
      buffer-builder: 0.2.0
      colorjs.io: 0.5.2
      immutable: 5.0.3
      rxjs: 7.8.1
      supports-color: 8.1.1
      sync-child-process: 1.0.2
      varint: 6.0.0
    optionalDependencies:
      sass-embedded-android-arm: 1.81.0
      sass-embedded-android-arm64: 1.81.0
      sass-embedded-android-ia32: 1.81.0
      sass-embedded-android-riscv64: 1.81.0
      sass-embedded-android-x64: 1.81.0
      sass-embedded-darwin-arm64: 1.81.0
      sass-embedded-darwin-x64: 1.81.0
      sass-embedded-linux-arm: 1.81.0
      sass-embedded-linux-arm64: 1.81.0
      sass-embedded-linux-ia32: 1.81.0
      sass-embedded-linux-musl-arm: 1.81.0
      sass-embedded-linux-musl-arm64: 1.81.0
      sass-embedded-linux-musl-ia32: 1.81.0
      sass-embedded-linux-musl-riscv64: 1.81.0
      sass-embedded-linux-musl-x64: 1.81.0
      sass-embedded-linux-riscv64: 1.81.0
      sass-embedded-linux-x64: 1.81.0
      sass-embedded-win32-arm64: 1.81.0
      sass-embedded-win32-ia32: 1.81.0
      sass-embedded-win32-x64: 1.81.0

  schema-utils@3.3.0:
    dependencies:
      '@types/json-schema': 7.0.15
      ajv: 6.12.6
      ajv-keywords: 3.5.2(ajv@6.12.6)

  serialize-javascript@6.0.2:
    dependencies:
      randombytes: 2.1.0

  source-map-js@1.2.1: {}

  source-map-support@0.5.21:
    dependencies:
      buffer-from: 1.1.2
      source-map: 0.6.1

  source-map@0.6.1: {}

  supports-color@7.2.0:
    dependencies:
      has-flag: 4.0.0

  supports-color@8.1.1:
    dependencies:
      has-flag: 4.0.0

  sync-child-process@1.0.2:
    dependencies:
      sync-message-port: 1.1.3

  sync-message-port@1.1.3: {}

  tapable@2.2.1: {}

  terser-webpack-plugin@5.3.10(webpack@5.96.1):
    dependencies:
      '@jridgewell/trace-mapping': 0.3.25
      jest-worker: 27.5.1
      schema-utils: 3.3.0
      serialize-javascript: 6.0.2
      terser: 5.36.0
      webpack: 5.96.1

  terser@5.36.0:
    dependencies:
      '@jridgewell/source-map': 0.3.6
      acorn: 8.14.0
      commander: 2.20.3
      source-map-support: 0.5.21

  tslib@2.8.1: {}

  typescript@5.6.3: {}

  undici-types@6.19.8: {}

  update-browserslist-db@1.1.1(browserslist@4.24.2):
    dependencies:
      browserslist: 4.24.2
      escalade: 3.2.0
      picocolors: 1.1.1

  uri-js@4.4.1:
    dependencies:
      punycode: 2.3.1

  varint@6.0.0: {}

  vue-loader@17.4.2(vue@3.5.13(typescript@5.6.3))(webpack@5.96.1):
    dependencies:
      chalk: 4.1.2
      hash-sum: 2.0.0
      watchpack: 2.4.2
      webpack: 5.96.1
    optionalDependencies:
      vue: 3.5.13(typescript@5.6.3)

  vue@3.5.13(typescript@5.6.3):
    dependencies:
      '@vue/compiler-dom': 3.5.13
      '@vue/compiler-sfc': 3.5.13
      '@vue/runtime-dom': 3.5.13
      '@vue/server-renderer': 3.5.13(vue@3.5.13(typescript@5.6.3))
      '@vue/shared': 3.5.13
    optionalDependencies:
      typescript: 5.6.3

  watchpack@2.4.2:
    dependencies:
      glob-to-regexp: 0.4.1
      graceful-fs: 4.2.11

  webpack-sources@3.2.3: {}

  webpack@5.96.1:
    dependencies:
      '@types/eslint-scope': 3.7.7
      '@types/estree': 1.0.6
      '@webassemblyjs/ast': 1.14.1
      '@webassemblyjs/wasm-edit': 1.14.1
      '@webassemblyjs/wasm-parser': 1.14.1
      acorn: 8.14.0
      browserslist: 4.24.2
      chrome-trace-event: 1.0.4
      enhanced-resolve: 5.17.1
      es-module-lexer: 1.5.4
      eslint-scope: 5.1.1
      events: 3.3.0
      glob-to-regexp: 0.4.1
      graceful-fs: 4.2.11
      json-parse-even-better-errors: 2.3.1
      loader-runner: 4.3.0
      mime-types: 2.1.35
      neo-async: 2.6.2
      schema-utils: 3.3.0
      tapable: 2.2.1
      terser-webpack-plugin: 5.3.10(webpack@5.96.1)
      watchpack: 2.4.2
      webpack-sources: 3.2.3
    transitivePeerDependencies:
      - '@swc/core'
      - esbuild
      - uglify-js
